
Microsoft Visual Studio Solution File, Format Version 12.00
# Visual Studio Version 16
VisualStudioVersion = 16.0.31729.503
MinimumVisualStudioVersion = 10.0.40219.1
Project("{FAE04EC0-301F-11D3-BF4B-00C04F79EFBC}") = "HomeTask8_2", "HomeTask8_2.csproj", "{819F7C30-98C0-4EA2-AF61-AEDC387C3274}"
EndProject
Global
	GlobalSection(SolutionConfigurationPlatforms) = preSolution
		Debug|Any CPU = Debug|Any CPU
		Release|Any CPU = Release|Any CPU
	EndGlobalSection
	GlobalSection(ProjectConfigurationPlatforms) = postSolution
		{819F7C30-98C0-4EA2-AF61-AEDC387C3274}.Debug|Any CPU.ActiveCfg = Debug|Any CPU
		{819F7C30-98C0-4EA2-AF61-AEDC387C3274}.Debug|Any CPU.Build.0 = Debug|Any CPU
		{819F7C30-98C0-4EA2-AF61-AEDC387C3274}.Release|Any CPU.ActiveCfg = Release|Any CPU
		{819F7C30-98C0-4EA2-AF61-AEDC387C3274}.Release|Any CPU.Build.0 = Release|Any CPU
	EndGlobalSection
	GlobalSection(SolutionProperties) = preSolution
		HideSolutionNode = FALSE
	EndGlobalSection
	GlobalSection(ExtensibilityGlobals) = postSolution
		SolutionGuid = {8FBB1010-16FE-4CB4-A08A-CF1A47085C5B}
	EndGlobalSection
EndGlobal
